
Microsoft Visual Studio Solution File, Format Version 12.00
# Visual Studio Version 17
VisualStudioVersion = 17.0.31825.309
MinimumVisualStudioVersion = 10.0.40219.1
Project("{9A19103F-16F7-4668-BE54-9A1E7A4F7556}") = "ApiExample", "ApiExample\ApiExample.csproj", "{4F70C7A0-B0A5-42D3-9DE2-62EA961E5AD6}"
EndProject
Project("{9A19103F-16F7-4668-BE54-9A1E7A4F7556}") = "ApiExample.Tests", "ApiExample.Tests\ApiExample.Tests.csproj", "{BEF25E09-BE2D-41C8-8DBD-E02F344FA676}"
EndProject
Project("{2150E333-8FDC-42A3-9474-1A3956D46DE8}") = "Solution Items", "Solution Items", "{08D2C3AA-99CE-41ED-959F-72345F052DFF}"
	ProjectSection(SolutionItems) = preProject
		azure-pipelines.yml = azure-pipelines.yml
	EndProjectSection
EndProject
Global
	GlobalSection(SolutionConfigurationPlatforms) = preSolution
		Debug|Any CPU = Debug|Any CPU
		Release|Any CPU = Release|Any CPU
	EndGlobalSection
	GlobalSection(ProjectConfigurationPlatforms) = postSolution
		{4F70C7A0-B0A5-42D3-9DE2-62EA961E5AD6}.Debug|Any CPU.ActiveCfg = Debug|Any CPU
		{4F70C7A0-B0A5-42D3-9DE2-62EA961E5AD6}.Debug|Any CPU.Build.0 = Debug|Any CPU
		{4F70C7A0-B0A5-42D3-9DE2-62EA961E5AD6}.Release|Any CPU.ActiveCfg = Release|Any CPU
		{4F70C7A0-B0A5-42D3-9DE2-62EA961E5AD6}.Release|Any CPU.Build.0 = Release|Any CPU
		{BEF25E09-BE2D-41C8-8DBD-E02F344FA676}.Debug|Any CPU.ActiveCfg = Debug|Any CPU
		{BEF25E09-BE2D-41C8-8DBD-E02F344FA676}.Debug|Any CPU.Build.0 = Debug|Any CPU
		{BEF25E09-BE2D-41C8-8DBD-E02F344FA676}.Release|Any CPU.ActiveCfg = Release|Any CPU
		{BEF25E09-BE2D-41C8-8DBD-E02F344FA676}.Release|Any CPU.Build.0 = Release|Any CPU
	EndGlobalSection
	GlobalSection(SolutionProperties) = preSolution
		HideSolutionNode = FALSE
	EndGlobalSection
	GlobalSection(ExtensibilityGlobals) = postSolution
		SolutionGuid = {0793E541-B489-410C-90C3-84A1A11A20A4}
	EndGlobalSection
EndGlobal
